// !$*UTF8*$!
{
	archiveVersion = 1;
	classes = {
	};
	objectVersion = 50;
	objects = {

/* Begin PBXBuildFile section */
		028A402D25F7946300CBC003 /* BrowseView.swift in Sources */ = {isa = PBXBuildFile; fileRef = 028A402C25F7946300CBC003 /* BrowseView.swift */; };
		028A403025F7951D00CBC003 /* CarouseView.swift in Sources */ = {isa = PBXBuildFile; fileRef = 028A402F25F7951D00CBC003 /* CarouseView.swift */; };
		028A403325F79BB900CBC003 /* ImageGridView.swift in Sources */ = {isa = PBXBuildFile; fileRef = 028A403225F79BB900CBC003 /* ImageGridView.swift */; };
		028A403625F7A27100CBC003 /* UploadView.swift in Sources */ = {isa = PBXBuildFile; fileRef = 028A403525F7A27100CBC003 /* UploadView.swift */; };
		3823A8A225F75DFD008036B1 /* DogGramApp.swift in Sources */ = {isa = PBXBuildFile; fileRef = 3823A8A125F75DFD008036B1 /* DogGramApp.swift */; };
		3823A8A425F75DFD008036B1 /* ContentView.swift in Sources */ = {isa = PBXBuildFile; fileRef = 3823A8A325F75DFD008036B1 /* ContentView.swift */; };
		3823A8A625F75DFF008036B1 /* Assets.xcassets in Resources */ = {isa = PBXBuildFile; fileRef = 3823A8A525F75DFF008036B1 /* Assets.xcassets */; };
		3823A8A925F75DFF008036B1 /* Preview Assets.xcassets in Resources */ = {isa = PBXBuildFile; fileRef = 3823A8A825F75DFF008036B1 /* Preview Assets.xcassets */; };
		3823A8B325F75EAD008036B1 /* LaunchScreen.storyboard in Resources */ = {isa = PBXBuildFile; fileRef = 3823A8B225F75EAD008036B1 /* LaunchScreen.storyboard */; };
		3823A8BC25F764D5008036B1 /* Extensions.swift in Sources */ = {isa = PBXBuildFile; fileRef = 3823A8BB25F764D5008036B1 /* Extensions.swift */; };
		3823A8BF25F76680008036B1 /* FeedView.swift in Sources */ = {isa = PBXBuildFile; fileRef = 3823A8BE25F76680008036B1 /* FeedView.swift */; };
		3823A8C225F7679A008036B1 /* PostView.swift in Sources */ = {isa = PBXBuildFile; fileRef = 3823A8C125F7679A008036B1 /* PostView.swift */; };
		3823A8C625F76CE9008036B1 /* PostModel.swift in Sources */ = {isa = PBXBuildFile; fileRef = 3823A8C525F76CE9008036B1 /* PostModel.swift */; };
		3823A8CA25F77047008036B1 /* PostArrayObject.swift in Sources */ = {isa = PBXBuildFile; fileRef = 3823A8C925F77047008036B1 /* PostArrayObject.swift */; };
		3823A8CD25F77515008036B1 /* CommentsView.swift in Sources */ = {isa = PBXBuildFile; fileRef = 3823A8CC25F77515008036B1 /* CommentsView.swift */; };
		38CB951225F778960085A183 /* MessageView.swift in Sources */ = {isa = PBXBuildFile; fileRef = 38CB951125F778960085A183 /* MessageView.swift */; };
		38CB951525F779BE0085A183 /* CommentModel.swift in Sources */ = {isa = PBXBuildFile; fileRef = 38CB951425F779BE0085A183 /* CommentModel.swift */; };
		38CB951925F854C30085A183 /* ImagePicker.swift in Sources */ = {isa = PBXBuildFile; fileRef = 38CB951825F854C30085A183 /* ImagePicker.swift */; };
/* End PBXBuildFile section */

/* Begin PBXFileReference section */
		028A402C25F7946300CBC003 /* BrowseView.swift */ = {isa = PBXFileReference; lastKnownFileType = sourcecode.swift; path = BrowseView.swift; sourceTree = "<group>"; };
		028A402F25F7951D00CBC003 /* CarouseView.swift */ = {isa = PBXFileReference; lastKnownFileType = sourcecode.swift; path = CarouseView.swift; sourceTree = "<group>"; };
		028A403225F79BB900CBC003 /* ImageGridView.swift */ = {isa = PBXFileReference; lastKnownFileType = sourcecode.swift; path = ImageGridView.swift; sourceTree = "<group>"; };
		028A403525F7A27100CBC003 /* UploadView.swift */ = {isa = PBXFileReference; lastKnownFileType = sourcecode.swift; path = UploadView.swift; sourceTree = "<group>"; };
		3823A89E25F75DFD008036B1 /* DogGram.app */ = {isa = PBXFileReference; explicitFileType = wrapper.application; includeInIndex = 0; path = DogGram.app; sourceTree = BUILT_PRODUCTS_DIR; };
		3823A8A125F75DFD008036B1 /* DogGramApp.swift */ = {isa = PBXFileReference; lastKnownFileType = sourcecode.swift; path = DogGramApp.swift; sourceTree = "<group>"; };
		3823A8A325F75DFD008036B1 /* ContentView.swift */ = {isa = PBXFileReference; lastKnownFileType = sourcecode.swift; path = ContentView.swift; sourceTree = "<group>"; };
		3823A8A525F75DFF008036B1 /* Assets.xcassets */ = {isa = PBXFileReference; lastKnownFileType = folder.assetcatalog; path = Assets.xcassets; sourceTree = "<group>"; };
		3823A8A825F75DFF008036B1 /* Preview Assets.xcassets */ = {isa = PBXFileReference; lastKnownFileType = folder.assetcatalog; path = "Preview Assets.xcassets"; sourceTree = "<group>"; };
		3823A8AA25F75DFF008036B1 /* Info.plist */ = {isa = PBXFileReference; lastKnownFileType = text.plist.xml; path = Info.plist; sourceTree = "<group>"; };
		3823A8B225F75EAD008036B1 /* LaunchScreen.storyboard */ = {isa = PBXFileReference; lastKnownFileType = file.storyboard; path = LaunchScreen.storyboard; sourceTree = "<group>"; };
		3823A8BB25F764D5008036B1 /* Extensions.swift */ = {isa = PBXFileReference; lastKnownFileType = sourcecode.swift; path = Extensions.swift; sourceTree = "<group>"; };
		3823A8BE25F76680008036B1 /* FeedView.swift */ = {isa = PBXFileReference; lastKnownFileType = sourcecode.swift; path = FeedView.swift; sourceTree = "<group>"; };
		3823A8C125F7679A008036B1 /* PostView.swift */ = {isa = PBXFileReference; lastKnownFileType = sourcecode.swift; path = PostView.swift; sourceTree = "<group>"; };
		3823A8C525F76CE9008036B1 /* PostModel.swift */ = {isa = PBXFileReference; lastKnownFileType = sourcecode.swift; path = PostModel.swift; sourceTree = "<group>"; };
		3823A8C925F77047008036B1 /* PostArrayObject.swift */ = {isa = PBXFileReference; lastKnownFileType = sourcecode.swift; path = PostArrayObject.swift; sourceTree = "<group>"; };
		3823A8CC25F77515008036B1 /* CommentsView.swift */ = {isa = PBXFileReference; lastKnownFileType = sourcecode.swift; path = CommentsView.swift; sourceTree = "<group>"; };
		38CB951125F778960085A183 /* MessageView.swift */ = {isa = PBXFileReference; lastKnownFileType = sourcecode.swift; path = MessageView.swift; sourceTree = "<group>"; };
		38CB951425F779BE0085A183 /* CommentModel.swift */ = {isa = PBXFileReference; lastKnownFileType = sourcecode.swift; path = CommentModel.swift; sourceTree = "<group>"; };
		38CB951825F854C30085A183 /* ImagePicker.swift */ = {isa = PBXFileReference; lastKnownFileType = sourcecode.swift; path = ImagePicker.swift; sourceTree = "<group>"; };
/* End PBXFileReference section */

/* Begin PBXFrameworksBuildPhase section */
		3823A89B25F75DFD008036B1 /* Frameworks */ = {
			isa = PBXFrameworksBuildPhase;
			buildActionMask = 2147483647;
			files = (
			);
			runOnlyForDeploymentPostprocessing = 0;
		};
/* End PBXFrameworksBuildPhase section */

/* Begin PBXGroup section */
		3823A89525F75DFD008036B1 = {
			isa = PBXGroup;
			children = (
				3823A8A025F75DFD008036B1 /* DogGram */,
				3823A89F25F75DFD008036B1 /* Products */,
			);
			sourceTree = "<group>";
		};
		3823A89F25F75DFD008036B1 /* Products */ = {
			isa = PBXGroup;
			children = (
				3823A89E25F75DFD008036B1 /* DogGram.app */,
			);
			name = Products;
			sourceTree = "<group>";
		};
		3823A8A025F75DFD008036B1 /* DogGram */ = {
			isa = PBXGroup;
			children = (
				3823A8C425F76CD6008036B1 /* Model */,
				3823A8BA25F764B6008036B1 /* Helpers */,
				3823A8B625F760EA008036B1 /* Views */,
				3823A8B225F75EAD008036B1 /* LaunchScreen.storyboard */,
				3823A8A525F75DFF008036B1 /* Assets.xcassets */,
				3823A8AA25F75DFF008036B1 /* Info.plist */,
				3823A8A725F75DFF008036B1 /* Preview Content */,
			);
			path = DogGram;
			sourceTree = "<group>";
		};
		3823A8A725F75DFF008036B1 /* Preview Content */ = {
			isa = PBXGroup;
			children = (
				3823A8A825F75DFF008036B1 /* Preview Assets.xcassets */,
			);
			path = "Preview Content";
			sourceTree = "<group>";
		};
		3823A8B625F760EA008036B1 /* Views */ = {
			isa = PBXGroup;
			children = (
				3823A8B825F760FC008036B1 /* Subviews */,
				3823A8B725F760EE008036B1 /* Screens */,
			);
			path = Views;
			sourceTree = "<group>";
		};
		3823A8B725F760EE008036B1 /* Screens */ = {
			isa = PBXGroup;
			children = (
				3823A8A125F75DFD008036B1 /* DogGramApp.swift */,
				3823A8A325F75DFD008036B1 /* ContentView.swift */,
				3823A8BE25F76680008036B1 /* FeedView.swift */,
				3823A8CC25F77515008036B1 /* CommentsView.swift */,
				028A402C25F7946300CBC003 /* BrowseView.swift */,
				028A403525F7A27100CBC003 /* UploadView.swift */,
			);
			path = Screens;
			sourceTree = "<group>";
		};
		3823A8B825F760FC008036B1 /* Subviews */ = {
			isa = PBXGroup;
			children = (
				3823A8C125F7679A008036B1 /* PostView.swift */,
				38CB951125F778960085A183 /* MessageView.swift */,
				028A402F25F7951D00CBC003 /* CarouseView.swift */,
				38CB951825F854C30085A183 /* ImagePicker.swift */,
				028A403225F79BB900CBC003 /* ImageGridView.swift */,
			);
			path = Subviews;
			sourceTree = "<group>";
		};
		3823A8BA25F764B6008036B1 /* Helpers */ = {
			isa = PBXGroup;
			children = (
				3823A8BB25F764D5008036B1 /* Extensions.swift */,
			);
			path = Helpers;
			sourceTree = "<group>";
		};
		3823A8C425F76CD6008036B1 /* Model */ = {
			isa = PBXGroup;
			children = (
				3823A8C525F76CE9008036B1 /* PostModel.swift */,
				3823A8C925F77047008036B1 /* PostArrayObject.swift */,
				38CB951425F779BE0085A183 /* CommentModel.swift */,
			);
			path = Model;
			sourceTree = "<group>";
		};
/* End PBXGroup section */

/* Begin PBXNativeTarget section */
		3823A89D25F75DFD008036B1 /* DogGram */ = {
			isa = PBXNativeTarget;
			buildConfigurationList = 3823A8AD25F75DFF008036B1 /* Build configuration list for PBXNativeTarget "DogGram" */;
			buildPhases = (
				3823A89A25F75DFD008036B1 /* Sources */,
				3823A89B25F75DFD008036B1 /* Frameworks */,
				3823A89C25F75DFD008036B1 /* Resources */,
			);
			buildRules = (
			);
			dependencies = (
			);
			name = DogGram;
			productName = DogGram;
			productReference = 3823A89E25F75DFD008036B1 /* DogGram.app */;
			productType = "com.apple.product-type.application";
		};
/* End PBXNativeTarget section */

/* Begin PBXProject section */
		3823A89625F75DFD008036B1 /* Project object */ = {
			isa = PBXProject;
			attributes = {
				LastSwiftUpdateCheck = 1240;
				LastUpgradeCheck = 1240;
				TargetAttributes = {
					3823A89D25F75DFD008036B1 = {
						CreatedOnToolsVersion = 12.4;
					};
				};
			};
			buildConfigurationList = 3823A89925F75DFD008036B1 /* Build configuration list for PBXProject "DogGram" */;
			compatibilityVersion = "Xcode 9.3";
			developmentRegion = en;
			hasScannedForEncodings = 0;
			knownRegions = (
				en,
				Base,
			);
			mainGroup = 3823A89525F75DFD008036B1;
			productRefGroup = 3823A89F25F75DFD008036B1 /* Products */;
			projectDirPath = "";
			projectRoot = "";
			targets = (
				3823A89D25F75DFD008036B1 /* DogGram */,
			);
		};
/* End PBXProject section */

/* Begin PBXResourcesBuildPhase section */
		3823A89C25F75DFD008036B1 /* Resources */ = {
			isa = PBXResourcesBuildPhase;
			buildActionMask = 2147483647;
			files = (
				3823A8B325F75EAD008036B1 /* LaunchScreen.storyboard in Resources */,
				3823A8A925F75DFF008036B1 /* Preview Assets.xcassets in Resources */,
				3823A8A625F75DFF008036B1 /* Assets.xcassets in Resources */,
			);
			runOnlyForDeploymentPostprocessing = 0;
		};
/* End PBXResourcesBuildPhase section */

/* Begin PBXSourcesBuildPhase section */
		3823A89A25F75DFD008036B1 /* Sources */ = {
			isa = PBXSourcesBuildPhase;
			buildActionMask = 2147483647;
			files = (
				3823A8BF25F76680008036B1 /* FeedView.swift in Sources */,
				028A403025F7951D00CBC003 /* CarouseView.swift in Sources */,
				3823A8C625F76CE9008036B1 /* PostModel.swift in Sources */,
				3823A8A425F75DFD008036B1 /* ContentView.swift in Sources */,
				38CB951225F778960085A183 /* MessageView.swift in Sources */,
				3823A8BC25F764D5008036B1 /* Extensions.swift in Sources */,
				028A403325F79BB900CBC003 /* ImageGridView.swift in Sources */,
				3823A8CA25F77047008036B1 /* PostArrayObject.swift in Sources */,
				3823A8C225F7679A008036B1 /* PostView.swift in Sources */,
				028A402D25F7946300CBC003 /* BrowseView.swift in Sources */,
				38CB951525F779BE0085A183 /* CommentModel.swift in Sources */,
				028A403625F7A27100CBC003 /* UploadView.swift in Sources */,
				38CB951925F854C30085A183 /* ImagePicker.swift in Sources */,
				3823A8CD25F77515008036B1 /* CommentsView.swift in Sources */,
				3823A8A225F75DFD008036B1 /* DogGramApp.swift in Sources */,
			);
			runOnlyForDeploymentPostprocessing = 0;
		};
/* End PBXSourcesBuildPhase section */

/* Begin XCBuildConfiguration section */
		3823A8AB25F75DFF008036B1 /* Debug */ = {
			isa = XCBuildConfiguration;
			buildSettings = {
				ALWAYS_SEARCH_USER_PATHS = NO;
				CLANG_ANALYZER_NONNULL = YES;
				CLANG_ANALYZER_NUMBER_OBJECT_CONVERSION = YES_AGGRESSIVE;
				CLANG_CXX_LANGUAGE_STANDARD = "gnu++14";
				CLANG_CXX_LIBRARY = "libc++";
				CLANG_ENABLE_MODULES = YES;
				CLANG_ENABLE_OBJC_ARC = YES;
				CLANG_ENABLE_OBJC_WEAK = YES;
				CLANG_WARN_BLOCK_CAPTURE_AUTORELEASING = YES;
				CLANG_WARN_BOOL_CONVERSION = YES;
				CLANG_WARN_COMMA = YES;
				CLANG_WARN_CONSTANT_CONVERSION = YES;
				CLANG_WARN_DEPRECATED_OBJC_IMPLEMENTATIONS = YES;
				CLANG_WARN_DIRECT_OBJC_ISA_USAGE = YES_ERROR;
				CLANG_WARN_DOCUMENTATION_COMMENTS = YES;
				CLANG_WARN_EMPTY_BODY = YES;
				CLANG_WARN_ENUM_CONVERSION = YES;
				CLANG_WARN_INFINITE_RECURSION = YES;
				CLANG_WARN_INT_CONVERSION = YES;
				CLANG_WARN_NON_LITERAL_NULL_CONVERSION = YES;
				CLANG_WARN_OBJC_IMPLICIT_RETAIN_SELF = YES;
				CLANG_WARN_OBJC_LITERAL_CONVERSION = YES;
				CLANG_WARN_OBJC_ROOT_CLASS = YES_ERROR;
				CLANG_WARN_QUOTED_INCLUDE_IN_FRAMEWORK_HEADER = YES;
				CLANG_WARN_RANGE_LOOP_ANALYSIS = YES;
				CLANG_WARN_STRICT_PROTOTYPES = YES;
				CLANG_WARN_SUSPICIOUS_MOVE = YES;
				CLANG_WARN_UNGUARDED_AVAILABILITY = YES_AGGRESSIVE;
				CLANG_WARN_UNREACHABLE_CODE = YES;
				CLANG_WARN__DUPLICATE_METHOD_MATCH = YES;
				COPY_PHASE_STRIP = NO;
				DEBUG_INFORMATION_FORMAT = dwarf;
				ENABLE_STRICT_OBJC_MSGSEND = YES;
				ENABLE_TESTABILITY = YES;
				GCC_C_LANGUAGE_STANDARD = gnu11;
				GCC_DYNAMIC_NO_PIC = NO;
				GCC_NO_COMMON_BLOCKS = YES;
				GCC_OPTIMIZATION_LEVEL = 0;
				GCC_PREPROCESSOR_DEFINITIONS = (
					"DEBUG=1",
					"$(inherited)",
				);
				GCC_WARN_64_TO_32_BIT_CONVERSION = YES;
				GCC_WARN_ABOUT_RETURN_TYPE = YES_ERROR;
				GCC_WARN_UNDECLARED_SELECTOR = YES;
				GCC_WARN_UNINITIALIZED_AUTOS = YES_AGGRESSIVE;
				GCC_WARN_UNUSED_FUNCTION = YES;
				GCC_WARN_UNUSED_VARIABLE = YES;
				IPHONEOS_DEPLOYMENT_TARGET = 14.4;
				MTL_ENABLE_DEBUG_INFO = INCLUDE_SOURCE;
				MTL_FAST_MATH = YES;
				ONLY_ACTIVE_ARCH = YES;
				SDKROOT = iphoneos;
				SWIFT_ACTIVE_COMPILATION_CONDITIONS = DEBUG;
				SWIFT_OPTIMIZATION_LEVEL = "-Onone";
			};
			name = Debug;
		};
		3823A8AC25F75DFF008036B1 /* Release */ = {
			isa = XCBuildConfiguration;
			buildSettings = {
				ALWAYS_SEARCH_USER_PATHS = NO;
				CLANG_ANALYZER_NONNULL = YES;
				CLANG_ANALYZER_NUMBER_OBJECT_CONVERSION = YES_AGGRESSIVE;
				CLANG_CXX_LANGUAGE_STANDARD = "gnu++14";
				CLANG_CXX_LIBRARY = "libc++";
				CLANG_ENABLE_MODULES = YES;
				CLANG_ENABLE_OBJC_ARC = YES;
				CLANG_ENABLE_OBJC_WEAK = YES;
				CLANG_WARN_BLOCK_CAPTURE_AUTORELEASING = YES;
				CLANG_WARN_BOOL_CONVERSION = YES;
				CLANG_WARN_COMMA = YES;
				CLANG_WARN_CONSTANT_CONVERSION = YES;
				CLANG_WARN_DEPRECATED_OBJC_IMPLEMENTATIONS = YES;
				CLANG_WARN_DIRECT_OBJC_ISA_USAGE = YES_ERROR;
				CLANG_WARN_DOCUMENTATION_COMMENTS = YES;
				CLANG_WARN_EMPTY_BODY = YES;
				CLANG_WARN_ENUM_CONVERSION = YES;
				CLANG_WARN_INFINITE_RECURSION = YES;
				CLANG_WARN_INT_CONVERSION = YES;
				CLANG_WARN_NON_LITERAL_NULL_CONVERSION = YES;
				CLANG_WARN_OBJC_IMPLICIT_RETAIN_SELF = YES;
				CLANG_WARN_OBJC_LITERAL_CONVERSION = YES;
				CLANG_WARN_OBJC_ROOT_CLASS = YES_ERROR;
				CLANG_WARN_QUOTED_INCLUDE_IN_FRAMEWORK_HEADER = YES;
				CLANG_WARN_RANGE_LOOP_ANALYSIS = YES;
				CLANG_WARN_STRICT_PROTOTYPES = YES;
				CLANG_WARN_SUSPICIOUS_MOVE = YES;
				CLANG_WARN_UNGUARDED_AVAILABILITY = YES_AGGRESSIVE;
				CLANG_WARN_UNREACHABLE_CODE = YES;
				CLANG_WARN__DUPLICATE_METHOD_MATCH = YES;
				COPY_PHASE_STRIP = NO;
				DEBUG_INFORMATION_FORMAT = "dwarf-with-dsym";
				ENABLE_NS_ASSERTIONS = NO;
				ENABLE_STRICT_OBJC_MSGSEND = YES;
				GCC_C_LANGUAGE_STANDARD = gnu11;
				GCC_NO_COMMON_BLOCKS = YES;
				GCC_WARN_64_TO_32_BIT_CONVERSION = YES;
				GCC_WARN_ABOUT_RETURN_TYPE = YES_ERROR;
				GCC_WARN_UNDECLARED_SELECTOR = YES;
				GCC_WARN_UNINITIALIZED_AUTOS = YES_AGGRESSIVE;
				GCC_WARN_UNUSED_FUNCTION = YES;
				GCC_WARN_UNUSED_VARIABLE = YES;
				IPHONEOS_DEPLOYMENT_TARGET = 14.4;
				MTL_ENABLE_DEBUG_INFO = NO;
				MTL_FAST_MATH = YES;
				SDKROOT = iphoneos;
				SWIFT_COMPILATION_MODE = wholemodule;
				SWIFT_OPTIMIZATION_LEVEL = "-O";
				VALIDATE_PRODUCT = YES;
			};
			name = Release;
		};
		3823A8AE25F75DFF008036B1 /* Debug */ = {
			isa = XCBuildConfiguration;
			buildSettings = {
				ASSETCATALOG_COMPILER_APPICON_NAME = AppIcon;
				ASSETCATALOG_COMPILER_GLOBAL_ACCENT_COLOR_NAME = AccentColor;
				CODE_SIGN_STYLE = Automatic;
				DEVELOPMENT_ASSET_PATHS = "\"DogGram/Preview Content\"";
				DEVELOPMENT_TEAM = Q74DU6MEAC;
				ENABLE_PREVIEWS = YES;
				INFOPLIST_FILE = DogGram/Info.plist;
				IPHONEOS_DEPLOYMENT_TARGET = 14.0;
				LD_RUNPATH_SEARCH_PATHS = (
					"$(inherited)",
					"@executable_path/Frameworks",
				);
				PRODUCT_BUNDLE_IDENTIFIER = com.kennx9.DogGram;
				PRODUCT_NAME = "$(TARGET_NAME)";
				SWIFT_VERSION = 5.0;
				TARGETED_DEVICE_FAMILY = 1;
			};
			name = Debug;
		};
		3823A8AF25F75DFF008036B1 /* Release */ = {
			isa = XCBuildConfiguration;
			buildSettings = {
				ASSETCATALOG_COMPILER_APPICON_NAME = AppIcon;
				ASSETCATALOG_COMPILER_GLOBAL_ACCENT_COLOR_NAME = AccentColor;
				CODE_SIGN_STYLE = Automatic;
				DEVELOPMENT_ASSET_PATHS = "\"DogGram/Preview Content\"";
				DEVELOPMENT_TEAM = Q74DU6MEAC;
				ENABLE_PREVIEWS = YES;
				INFOPLIST_FILE = DogGram/Info.plist;
				IPHONEOS_DEPLOYMENT_TARGET = 14.0;
				LD_RUNPATH_SEARCH_PATHS = (
					"$(inherited)",
					"@executable_path/Frameworks",
				);
				PRODUCT_BUNDLE_IDENTIFIER = com.kennx9.DogGram;
				PRODUCT_NAME = "$(TARGET_NAME)";
				SWIFT_VERSION = 5.0;
				TARGETED_DEVICE_FAMILY = 1;
			};
			name = Release;
		};
/* End XCBuildConfiguration section */

/* Begin XCConfigurationList section */
		3823A89925F75DFD008036B1 /* Build configuration list for PBXProject "DogGram" */ = {
			isa = XCConfigurationList;
			buildConfigurations = (
				3823A8AB25F75DFF008036B1 /* Debug */,
				3823A8AC25F75DFF008036B1 /* Release */,
			);
			defaultConfigurationIsVisible = 0;
			defaultConfigurationName = Release;
		};
		3823A8AD25F75DFF008036B1 /* Build configuration list for PBXNativeTarget "DogGram" */ = {
			isa = XCConfigurationList;
			buildConfigurations = (
				3823A8AE25F75DFF008036B1 /* Debug */,
				3823A8AF25F75DFF008036B1 /* Release */,
			);
			defaultConfigurationIsVisible = 0;
			defaultConfigurationName = Release;
		};
/* End XCConfigurationList section */
	};
	rootObject = 3823A89625F75DFD008036B1 /* Project object */;
}
